lockfileVersion: '9.0'

settings:
  autoInstallPeers: true
  excludeLinksFromLockfile: false

importers:

  .:
    devDependencies:
      agnix:
        specifier: ^0.33.1
        version: 0.33.1
      prettier:
        specifier: ^3.4.0
        version: 3.8.4

packages:

  agnix@0.33.1:
    resolution: {integrity: sha512-YwZBV1am7nceyLQQYU7uGh+DhwDBJ1ZkN6edFv6hUoHOFTFcMtWVjXdPUibeXFFZ1A89r9AQIaGGZx/b6snTbA==}
    engines: {node: '>=16.0.0'}
    cpu: [x64, arm64]
    os: [darwin, linux, win32]
    hasBin: true

  prettier@3.8.4:
    resolution: {integrity: sha512-N2MylSdi48+5N/6S5j+maeHbUSIzzZ5uOcX5Hm4QpV8Dkb1HFjfAKTKX6yNPJQD9AhcT3ifHNB66tWTTJDi11Q==}
    engines: {node: '>=14'}
    hasBin: true

snapshots:

  agnix@0.33.1: {}

  prettier@3.8.4: {}
